
Microsoft Visual Studio Solution File, Format Version 12.00
# Visual Studio Version 17
VisualStudioVersion = 17.1.32228.430
MinimumVisualStudioVersion = 10.0.40219.1
Project("{2150E333-8FDC-42A3-9474-1A3956D46DE8}") = "Api", "Api", "{AE951EC7-8AB4-434B-BBA1-0E27691D5B14}"
EndProject
Project("{2150E333-8FDC-42A3-9474-1A3956D46DE8}") = "Web", "Web", "{85DBB85E-2D9D-41EF-9EC8-7EEEE86AE118}"
EndProject
Project("{9A19103F-16F7-4668-BE54-9A1E7A4F7556}") = "Rapport.Api", "Rapport.Api\Rapport.Api.csproj", "{B25AAC61-7D3D-4FC9-988D-FA0723F00F98}"
EndProject
Project("{9A19103F-16F7-4668-BE54-9A1E7A4F7556}") = "Rapport.Entites", "Rapport.Entites\Rapport.Entites.csproj", "{FBBE392D-77A0-420D-BE55-A9280B53539B}"
EndProject
Project("{9A19103F-16F7-4668-BE54-9A1E7A4F7556}") = "Rapport.Data", "Rapport.Data\Rapport.Data.csproj", "{3CABF7DC-483B-40E7-8EDB-0926FE9CE018}"
EndProject
Project("{9A19103F-16F7-4668-BE54-9A1E7A4F7556}") = "Rapport.Shared", "Rapport.Shared\Rapport.Shared.csproj", "{B9FEC411-F089-48D7-958D-737EEDBD13BB}"
EndProject
Project("{9A19103F-16F7-4668-BE54-9A1E7A4F7556}") = "Rapport.BusinessLogig", "Rapport.BusinessLogig\Rapport.BusinessLogig.csproj", "{26D14611-FB3E-4472-A683-E209FF88D467}"
EndProject
Project("{2150E333-8FDC-42A3-9474-1A3956D46DE8}") = "Rapport", "Rapport", "{4736BBF5-E35F-41AD-9D30-70DC5A4E6725}"
EndProject
Project("{FAE04EC0-301F-11D3-BF4B-00C04F79EFBC}") = "Rapport.Client", "Rapport.Client\Rapport.Client.csproj", "{A9A66710-6EE3-4BBC-9319-5B86415955F7}"
EndProject
Project("{2150E333-8FDC-42A3-9474-1A3956D46DE8}") = "Test", "Test", "{BFF9E738-F48F-491B-A141-D5ADC54BDD8B}"
EndProject
Global
	GlobalSection(SolutionConfigurationPlatforms) = preSolution
		Debug|Any CPU = Debug|Any CPU
		Release|Any CPU = Release|Any CPU
	EndGlobalSection
	GlobalSection(ProjectConfigurationPlatforms) = postSolution
		{B25AAC61-7D3D-4FC9-988D-FA0723F00F98}.Debug|Any CPU.ActiveCfg = Debug|Any CPU
		{B25AAC61-7D3D-4FC9-988D-FA0723F00F98}.Debug|Any CPU.Build.0 = Debug|Any CPU
		{B25AAC61-7D3D-4FC9-988D-FA0723F00F98}.Release|Any CPU.ActiveCfg = Release|Any CPU
		{B25AAC61-7D3D-4FC9-988D-FA0723F00F98}.Release|Any CPU.Build.0 = Release|Any CPU
		{FBBE392D-77A0-420D-BE55-A9280B53539B}.Debug|Any CPU.ActiveCfg = Debug|Any CPU
		{FBBE392D-77A0-420D-BE55-A9280B53539B}.Debug|Any CPU.Build.0 = Debug|Any CPU
		{FBBE392D-77A0-420D-BE55-A9280B53539B}.Release|Any CPU.ActiveCfg = Release|Any CPU
		{FBBE392D-77A0-420D-BE55-A9280B53539B}.Release|Any CPU.Build.0 = Release|Any CPU
		{3CABF7DC-483B-40E7-8EDB-0926FE9CE018}.Debug|Any CPU.ActiveCfg = Debug|Any CPU
		{3CABF7DC-483B-40E7-8EDB-0926FE9CE018}.Debug|Any CPU.Build.0 = Debug|Any CPU
		{3CABF7DC-483B-40E7-8EDB-0926FE9CE018}.Release|Any CPU.ActiveCfg = Release|Any CPU
		{3CABF7DC-483B-40E7-8EDB-0926FE9CE018}.Release|Any CPU.Build.0 = Release|Any CPU
		{B9FEC411-F089-48D7-958D-737EEDBD13BB}.Debug|Any CPU.ActiveCfg = Debug|Any CPU
		{B9FEC411-F089-48D7-958D-737EEDBD13BB}.Debug|Any CPU.Build.0 = Debug|Any CPU
		{B9FEC411-F089-48D7-958D-737EEDBD13BB}.Release|Any CPU.ActiveCfg = Release|Any CPU
		{B9FEC411-F089-48D7-958D-737EEDBD13BB}.Release|Any CPU.Build.0 = Release|Any CPU
		{26D14611-FB3E-4472-A683-E209FF88D467}.Debug|Any CPU.ActiveCfg = Debug|Any CPU
		{26D14611-FB3E-4472-A683-E209FF88D467}.Debug|Any CPU.Build.0 = Debug|Any CPU
		{26D14611-FB3E-4472-A683-E209FF88D467}.Release|Any CPU.ActiveCfg = Release|Any CPU
		{26D14611-FB3E-4472-A683-E209FF88D467}.Release|Any CPU.Build.0 = Release|Any CPU
		{A9A66710-6EE3-4BBC-9319-5B86415955F7}.Debug|Any CPU.ActiveCfg = Debug|Any CPU
		{A9A66710-6EE3-4BBC-9319-5B86415955F7}.Debug|Any CPU.Build.0 = Debug|Any CPU
		{A9A66710-6EE3-4BBC-9319-5B86415955F7}.Release|Any CPU.ActiveCfg = Release|Any CPU
		{A9A66710-6EE3-4BBC-9319-5B86415955F7}.Release|Any CPU.Build.0 = Release|Any CPU
	EndGlobalSection
	GlobalSection(SolutionProperties) = preSolution
		HideSolutionNode = FALSE
	EndGlobalSection
	GlobalSection(NestedProjects) = preSolution
		{B25AAC61-7D3D-4FC9-988D-FA0723F00F98} = {AE951EC7-8AB4-434B-BBA1-0E27691D5B14}
		{FBBE392D-77A0-420D-BE55-A9280B53539B} = {4736BBF5-E35F-41AD-9D30-70DC5A4E6725}
		{3CABF7DC-483B-40E7-8EDB-0926FE9CE018} = {4736BBF5-E35F-41AD-9D30-70DC5A4E6725}
		{B9FEC411-F089-48D7-958D-737EEDBD13BB} = {4736BBF5-E35F-41AD-9D30-70DC5A4E6725}
		{26D14611-FB3E-4472-A683-E209FF88D467} = {4736BBF5-E35F-41AD-9D30-70DC5A4E6725}
		{A9A66710-6EE3-4BBC-9319-5B86415955F7} = {85DBB85E-2D9D-41EF-9EC8-7EEEE86AE118}
	EndGlobalSection
	GlobalSection(ExtensibilityGlobals) = postSolution
		SolutionGuid = {ADE30AB0-5126-4AAD-A487-ECC34A819B7D}
	EndGlobalSection
EndGlobal
